
Microsoft Visual Studio Solution File, Format Version 11.00
# Visual Studio 2010
Project("{FAE04EC0-301F-11D3-BF4B-00C04F79EFBC}") = "Assembly-CSharp", "Assembly-CSharp.csproj", "{4cd58634-487e-b0e8-56e7-167ff342c587}"
EndProject
Project("{FAE04EC0-301F-11D3-BF4B-00C04F79EFBC}") = "PathCreator", "PathCreator.csproj", "{59327e3d-7a07-19f5-0844-07c13f7f1e7b}"
EndProject
Project("{FAE04EC0-301F-11D3-BF4B-00C04F79EFBC}") = "PathCreatorEditor", "PathCreatorEditor.csproj", "{d912223d-ece2-ffa3-20bd-58d054d83371}"
EndProject
Project("{FAE04EC0-301F-11D3-BF4B-00C04F79EFBC}") = "Assembly-CSharp-Editor", "Assembly-CSharp-Editor.csproj", "{e489bb64-1824-d07a-cfc9-e726cacb33d7}"
EndProject
Global
	GlobalSection(SolutionConfigurationPlatforms) = preSolution
		Debug|Any CPU = Debug|Any CPU
	EndGlobalSection
	GlobalSection(ProjectConfigurationPlatforms) = postSolution
		{4cd58634-487e-b0e8-56e7-167ff342c587}.Debug|Any CPU.ActiveCfg = Debug|Any CPU
		{4cd58634-487e-b0e8-56e7-167ff342c587}.Debug|Any CPU.Build.0 = Debug|Any CPU
		{59327e3d-7a07-19f5-0844-07c13f7f1e7b}.Debug|Any CPU.ActiveCfg = Debug|Any CPU
		{59327e3d-7a07-19f5-0844-07c13f7f1e7b}.Debug|Any CPU.Build.0 = Debug|Any CPU
		{d912223d-ece2-ffa3-20bd-58d054d83371}.Debug|Any CPU.ActiveCfg = Debug|Any CPU
		{d912223d-ece2-ffa3-20bd-58d054d83371}.Debug|Any CPU.Build.0 = Debug|Any CPU
		{e489bb64-1824-d07a-cfc9-e726cacb33d7}.Debug|Any CPU.ActiveCfg = Debug|Any CPU
		{e489bb64-1824-d07a-cfc9-e726cacb33d7}.Debug|Any CPU.Build.0 = Debug|Any CPU
	EndGlobalSection
	GlobalSection(SolutionProperties) = preSolution
		HideSolutionNode = FALSE
	EndGlobalSection
EndGlobal
